
Microsoft Visual Studio Solution File, Format Version 12.00
# Visual Studio Version 17
VisualStudioVersion = 17.14.36212.18 d17.14
MinimumVisualStudioVersion = 10.0.40219.1
Project("{FAE04EC0-301F-11D3-BF4B-00C04F79EFBC}") = "CustomerCommLib", "CustomerCommLib\CustomerCommLib.csproj", "{6758A9EE-3636-4E0F-94FF-4C3AD9D3E411}"
EndProject
Global
	GlobalSection(SolutionConfigurationPlatforms) = preSolution
		Debug|Any CPU = Debug|Any CPU
		Release|Any CPU = Release|Any CPU
	EndGlobalSection
	GlobalSection(ProjectConfigurationPlatforms) = postSolution
		{6758A9EE-3636-4E0F-94FF-4C3AD9D3E411}.Debug|Any CPU.ActiveCfg = Debug|Any CPU
		{6758A9EE-3636-4E0F-94FF-4C3AD9D3E411}.Debug|Any CPU.Build.0 = Debug|Any CPU
		{6758A9EE-3636-4E0F-94FF-4C3AD9D3E411}.Release|Any CPU.ActiveCfg = Release|Any CPU
		{6758A9EE-3636-4E0F-94FF-4C3AD9D3E411}.Release|Any CPU.Build.0 = Release|Any CPU
	EndGlobalSection
	GlobalSection(SolutionProperties) = preSolution
		HideSolutionNode = FALSE
	EndGlobalSection
	GlobalSection(ExtensibilityGlobals) = postSolution
		SolutionGuid = {15D0F1F2-0E40-43EA-8D8E-557A7D1DBB94}
	EndGlobalSection
EndGlobal
